
Microsoft Visual Studio Solution File, Format Version 12.00
# Visual Studio Version 17
VisualStudioVersion = 17.7.34018.315
MinimumVisualStudioVersion = 10.0.40219.1
Project("{9A19103F-16F7-4668-BE54-9A1E7A4F7556}") = "Trendify", "Trendify\Trendify.csproj", "{61118AED-7189-4BAB-B275-04BC534FA3DA}"
EndProject
Project("{FAE04EC0-301F-11D3-BF4B-00C04F79EFBC}") = "Test-Tendify", "Test-Tendify\Test-Tendify.csproj", "{0A1EB4D2-6293-4059-9279-4C94BA1A7072}"
EndProject
Global
	GlobalSection(SolutionConfigurationPlatforms) = preSolution
		Debug|Any CPU = Debug|Any CPU
		Release|Any CPU = Release|Any CPU
	EndGlobalSection
	GlobalSection(ProjectConfigurationPlatforms) = postSolution
		{61118AED-7189-4BAB-B275-04BC534FA3DA}.Debug|Any CPU.ActiveCfg = Debug|Any CPU
		{61118AED-7189-4BAB-B275-04BC534FA3DA}.Debug|Any CPU.Build.0 = Debug|Any CPU
		{61118AED-7189-4BAB-B275-04BC534FA3DA}.Release|Any CPU.ActiveCfg = Release|Any CPU
		{61118AED-7189-4BAB-B275-04BC534FA3DA}.Release|Any CPU.Build.0 = Release|Any CPU
		{0A1EB4D2-6293-4059-9279-4C94BA1A7072}.Debug|Any CPU.ActiveCfg = Debug|Any CPU
		{0A1EB4D2-6293-4059-9279-4C94BA1A7072}.Debug|Any CPU.Build.0 = Debug|Any CPU
		{0A1EB4D2-6293-4059-9279-4C94BA1A7072}.Release|Any CPU.ActiveCfg = Release|Any CPU
		{0A1EB4D2-6293-4059-9279-4C94BA1A7072}.Release|Any CPU.Build.0 = Release|Any CPU
	EndGlobalSection
	GlobalSection(SolutionProperties) = preSolution
		HideSolutionNode = FALSE
	EndGlobalSection
	GlobalSection(ExtensibilityGlobals) = postSolution
		SolutionGuid = {7E386FAC-108D-4DB7-8778-C9B22EC6924C}
	EndGlobalSection
EndGlobal
